# This file was autogenerated by Stack.
# You should not edit this file by hand.
# For more information, please see the documentation at:
#   https://docs.haskellstack.org/en/stable/lock_files

packages:
- completed:
    name: coalmine
    pantry-tree:
      sha256: 7183a48e581eed8d123577f1345247b253da740548b822f7988dd13c0ca8a2e2
      size: 9575
    commit: 0401b36ef76dcfd519d2994278340b2b69df26d3
    git: https://github.com/nikita-volkov/coalmine
    version: '0.1'
  original:
    commit: 0401b36ef76dcfd519d2994278340b2b69df26d3
    git: https://github.com/nikita-volkov/coalmine
- completed:
    name: moore-machines
    pantry-tree:
      sha256: 3d1505067d5c8599e9843ed45ec2bc587fa5100c448f558ca5db2c97fb55706f
      size: 887
    commit: 7e95c33b203a1cfe42dbc0e0de3cec8e6fe94290
    git: https://github.com/nikita-volkov/moore-machines
    version: '0.1'
  original:
    commit: 7e95c33b203a1cfe42dbc0e0de3cec8e6fe94290
    git: https://github.com/nikita-volkov/moore-machines
- completed:
    name: isomorphism-class
    pantry-tree:
      sha256: e15893487ac37aa96b0c77a71660c9e3c402459bbb6bf1f9e4f60615f0fb7496
      size: 692
    commit: e66a02cef13eb3801e202667de4279cb3a591be0
    git: https://github.com/nikita-volkov/isomorphism-class
    version: '0.1'
  original:
    commit: e66a02cef13eb3801e202667de4279cb3a591be0
    git: https://github.com/nikita-volkov/isomorphism-class
- completed:
    name: structure-kit
    pantry-tree:
      sha256: b7779ebe935d65c0b4f6e3ea8b5f5011abdabf362b1673826545c93625e050ad
      size: 3500
    commit: 46ffb6527c48f8a718adecd21a313f0b1ba5e81c
    git: https://github.com/nikita-volkov/structure-kit
    version: 0.1.0.1
  original:
    commit: 46ffb6527c48f8a718adecd21a313f0b1ba5e81c
    git: https://github.com/nikita-volkov/structure-kit
- completed:
    pantry-tree:
      sha256: 4c700792b51236a70e364ac79c1cd0d197596264c0f57099eb5cea193b663c1b
      size: 408
    hackage: aeson-value-parser-0.19.7@sha256:c114ae7deb86b55154a408896602f9ce61555ac6fd044e8e209c9c544ad2f4db,2054
  original:
    hackage: aeson-value-parser-0.19.7
- completed:
    pantry-tree:
      sha256: 1240e61d89fa70c65636995919674b5bc55bc33a719e555fa4ec8950a91eb6e5
      size: 604
    hackage: cereal-unordered-containers-0.1@sha256:e47c65f76633248fccdea1f38de952473edf7a28cf05af38e64b681a47305c92,1544
  original:
    hackage: cereal-unordered-containers-0.1
- completed:
    pantry-tree:
      sha256: 520aa5f59b55c14d27115a801f499f940a563849b0c54876bcd6be41f6450713
      size: 456
    hackage: cereal-data-dword-0.1.1@sha256:a3fa6dfafaeeb3774c5888dfa601d561ce05b0af66f52859970247e58135d47e,1381
  original:
    hackage: cereal-data-dword-0.1.1
- completed:
    pantry-tree:
      sha256: b95775b15664193c3301f10233f26ff43f60327f700c15e439cbed7f615c401c
      size: 446
    hackage: domain-aeson-0.1@sha256:8337de97b765b535cf8c252ca051c7f1573ad03b21774a09dcb6673ad7269ad1,1897
  original:
    hackage: domain-aeson-0.1
- completed:
    pantry-tree:
      sha256: babc92fb6290d5d7b59cf6a07c8abb51a1a176824371f5cbf2a916259a337915
      size: 366
    hackage: domain-cereal-0.1@sha256:db6fe7980ee3f9834a9e2c7cbe577354406286fecfb18477aac712cc008a83ce,1879
  original:
    hackage: domain-cereal-0.1
- completed:
    pantry-tree:
      sha256: 946dbffdad0a92dbdeeaaabb1c7ac2451f3002561407068543fcd860cd860f15
      size: 473
    hackage: punycode-2.0@sha256:dce7f481b5eedc750cf49d21a80b839cb366afd2d29bc506acca5ad9d0c06a8f,1503
  original:
    hackage: punycode-2.0
- completed:
    pantry-tree:
      sha256: 51dc0ab22269973eec829ae476fb3102cfe155ffde2fd1d039dedf65c7842031
      size: 509
    hackage: timestamp-0.2@sha256:103fe49ce206922d3b14d57d8aff25eaf03c70fef5fcdaeaeb8416aaee163e51,1598
  original:
    hackage: timestamp-0.2
- completed:
    pantry-tree:
      sha256: af6a4af7b400a4891918a0d3b60d16cbf90a4d5d0a101223f920d684d435754c
      size: 402
    hackage: leb128-cereal-1.2@sha256:ba8770629aa1fa8524cbbea3b4065b21def815a766ab6c74174aa57f8c124ead,1883
  original:
    hackage: leb128-cereal-1.2
- completed:
    pantry-tree:
      sha256: e79a34f1cb9dd2a4a5c88d0841b88bf72cc6c873aef8dbe8d22de12d6e8c7a1d
      size: 816
    hackage: vector-extras-0.2.7@sha256:0bb96549e289f6cc7ba7afb3f985af39611f1f5966bce8e036419eb9a1174848,1915
  original:
    hackage: vector-extras-0.2.7
- completed:
    name: lean-http-client
    pantry-tree:
      sha256: 7a2401e0f6bc1f71fea5ddcdca8e0ea98f999b6c0bcc63ac54324c0b2e0682db
      size: 544
    commit: 5049bd8c56bcc1473d65ccf351f7979772d478b3
    git: https://github.com/nikita-volkov/lean-http-client
    version: '0.1'
  original:
    commit: 5049bd8c56bcc1473d65ccf351f7979772d478b3
    git: https://github.com/nikita-volkov/lean-http-client
- completed:
    name: distillery
    pantry-tree:
      sha256: 03d32965a35914b68bdaa149db48ce66e774783360f5b7d8b18db72de61b7baf
      size: 524
    commit: 2c2905f2addb0d1925c43d427fcf65340ee64b2a
    git: https://github.com/nikita-volkov/distillery
    version: '0.1'
  original:
    commit: 2c2905f2addb0d1925c43d427fcf65340ee64b2a
    git: https://github.com/nikita-volkov/distillery
- completed:
    name: pgenie-protocol
    pantry-tree:
      sha256: bf7f1f0db9fd1230502477e519152189ebfe9d2ad556bdea6cf006cc1acf3776
      size: 551
    commit: 8a8890b32d191cf2332e401bd68b7dff6f3ee82e
    git: https://github.com/pgenie-tech/protocol
    version: '0.1'
  original:
    commit: 8a8890b32d191cf2332e401bd68b7dff6f3ee82e
    git: https://github.com/pgenie-tech/protocol
- completed:
    name: pgenie-client
    pantry-tree:
      sha256: 2359a388fca78b71558fcfe6c0ea634db9fdf91ed35c9bf09a8366265faa102e
      size: 360
    commit: 1fedb6583e498bc9ef7f77573786691bad228e05
    git: https://github.com/pgenie-tech/client
    version: '0.1'
  original:
    commit: 1fedb6583e498bc9ef7f77573786691bad228e05
    git: https://github.com/pgenie-tech/client
snapshots:
- completed:
    sha256: 869e23c4f7367895ae63b129255b70bc8b4b965229aa258f6c50141c6b10ae76
    size: 607265
    url: https://raw.githubusercontent.com/commercialhaskell/stackage-snapshots/master/nightly/2022/6/8.yaml
  original: nightly-2022-06-08
