# This file was autogenerated by Stack.
# You should not edit this file by hand.
# For more information, please see the documentation at:
#   https://docs.haskellstack.org/en/stable/lock_files

packages:
- completed:
    name: coalmine
    pantry-tree:
      sha256: e421d8599d9471cd7a261dace2fc65adaf146946d08533239a6c56fd1d7c9728
      size: 9639
    commit: 394ba4935cc1e9927da49b4189ff09b9c9058ab1
    git: https://github.com/nikita-volkov/coalmine
    version: 0.1.0.5
  original:
    commit: 394ba4935cc1e9927da49b4189ff09b9c9058ab1
    git: https://github.com/nikita-volkov/coalmine
- completed:
    name: moore-machines
    pantry-tree:
      sha256: 3d1505067d5c8599e9843ed45ec2bc587fa5100c448f558ca5db2c97fb55706f
      size: 887
    commit: 7e95c33b203a1cfe42dbc0e0de3cec8e6fe94290
    git: https://github.com/nikita-volkov/moore-machines
    version: '0.1'
  original:
    commit: 7e95c33b203a1cfe42dbc0e0de3cec8e6fe94290
    git: https://github.com/nikita-volkov/moore-machines
- completed:
    name: structure-kit
    pantry-tree:
      sha256: b7779ebe935d65c0b4f6e3ea8b5f5011abdabf362b1673826545c93625e050ad
      size: 3500
    commit: 46ffb6527c48f8a718adecd21a313f0b1ba5e81c
    git: https://github.com/nikita-volkov/structure-kit
    version: 0.1.0.1
  original:
    commit: 46ffb6527c48f8a718adecd21a313f0b1ba5e81c
    git: https://github.com/nikita-volkov/structure-kit
- completed:
    name: canapi
    pantry-tree:
      sha256: 54c44986c3d7f8daa4464e4e097f312dc3ac0c02f7eb5fbb8bba3a6e6d19487a
      size: 1319
    commit: 02f1d9ffea90522a3a0968305793a7f507c7da59
    git: https://github.com/nikita-volkov/canapi
    version: '0.1'
  original:
    commit: 02f1d9ffea90522a3a0968305793a7f507c7da59
    git: https://github.com/nikita-volkov/canapi
- completed:
    name: lean-http-client
    pantry-tree:
      sha256: 64da0f3390166969e2fe6a140d847c315258f9bcb8fcaf3169fd78b4b25b6f6f
      size: 544
    commit: 52343895df1e5ae49159b8c5f76a50ac438216b1
    git: https://github.com/nikita-volkov/lean-http-client
    version: '0.1'
  original:
    commit: 52343895df1e5ae49159b8c5f76a50ac438216b1
    git: https://github.com/nikita-volkov/lean-http-client
- completed:
    name: distillery
    pantry-tree:
      sha256: 03d32965a35914b68bdaa149db48ce66e774783360f5b7d8b18db72de61b7baf
      size: 524
    commit: 2c2905f2addb0d1925c43d427fcf65340ee64b2a
    git: https://github.com/nikita-volkov/distillery
    version: '0.1'
  original:
    commit: 2c2905f2addb0d1925c43d427fcf65340ee64b2a
    git: https://github.com/nikita-volkov/distillery
- completed:
    name: acquire
    pantry-tree:
      sha256: e194150d070a0e4f07e5f2285e82f177312f328c7490f3a659f361b4f6324d00
      size: 438
    commit: 75194757308ae9340b0e2eda46d8db4d25af7516
    git: https://github.com/metrix-ai/acquire
    version: 0.3.1
  original:
    commit: 75194757308ae9340b0e2eda46d8db4d25af7516
    git: https://github.com/metrix-ai/acquire
- completed:
    pantry-tree:
      sha256: 520aa5f59b55c14d27115a801f499f940a563849b0c54876bcd6be41f6450713
      size: 456
    hackage: cereal-data-dword-0.1.1@sha256:a3fa6dfafaeeb3774c5888dfa601d561ce05b0af66f52859970247e58135d47e,1381
  original:
    hackage: cereal-data-dword-0.1.1
- completed:
    pantry-tree:
      sha256: c7b9df36feb75fe43c4e3804ba1eb61e37a39fa97173c5eed35245b17d10fd8e
      size: 2622
    hackage: hasql-1.6.0.1@sha256:adb92e68a3741f422a3bb776a12d5cf2bb83303778f343106f9a1cc2b4fcdf73,6628
  original:
    hackage: hasql-1.6.0.1
- completed:
    pantry-tree:
      sha256: 946dbffdad0a92dbdeeaaabb1c7ac2451f3002561407068543fcd860cd860f15
      size: 473
    hackage: punycode-2.0@sha256:dce7f481b5eedc750cf49d21a80b839cb366afd2d29bc506acca5ad9d0c06a8f,1503
  original:
    hackage: punycode-2.0
- completed:
    pantry-tree:
      sha256: 51dc0ab22269973eec829ae476fb3102cfe155ffde2fd1d039dedf65c7842031
      size: 509
    hackage: timestamp-0.2@sha256:103fe49ce206922d3b14d57d8aff25eaf03c70fef5fcdaeaeb8416aaee163e51,1598
  original:
    hackage: timestamp-0.2
- completed:
    sha256: da4fbcc367af4a7a1aae0068724be7ebcd1ad60ba4a256b727ce84df6d9daf5c
    name: pgenie-api
    size: 5770
    url: https://github.com/pgenie-io/api/archive/ab43e904b16e0c76976f58711b56cf86360dc8fe.tar.gz
    pantry-tree:
      sha256: 65b35a07ffc76b87a56f18696b2e3778820303f4ff51019d58c0ab9e30261e0e
      size: 631
    version: '0.1'
  original:
    url: https://github.com/pgenie-io/api/archive/ab43e904b16e0c76976f58711b56cf86360dc8fe.tar.gz
- completed:
    sha256: b25a04051cacf9d426d65770e4e7ba42d973f3e4e64d9f1cccd269208a5b2d51
    name: pgenie-config
    size: 5299
    url: https://github.com/pgenie-io/config/archive/3adafa4ef253a9c73cc2b4a574331810a377bf5b.tar.gz
    pantry-tree:
      sha256: 97ebbef14cd992bcb820ecc775aeffa45eb275a5193a80db99f6cb9171a41dd9
      size: 684
    version: '0.1'
  original:
    url: https://github.com/pgenie-io/config/archive/3adafa4ef253a9c73cc2b4a574331810a377bf5b.tar.gz
snapshots:
- completed:
    sha256: a6788669f929c72eac5ba473d444c3f23a49198f7b074dc2c5f269635861ffa4
    size: 366
    url: https://raw.githubusercontent.com/pgenie-io/stack-snapshot/8232e69a47f1e5dcbb5e3d40ad18541a1fa5be33/snapshot.yaml
  original:
    url: https://raw.githubusercontent.com/pgenie-io/stack-snapshot/8232e69a47f1e5dcbb5e3d40ad18541a1fa5be33/snapshot.yaml
- completed:
    sha256: de19114a4f4eb32bdc91d67abb01f8c5c6da9747b7c178b883b9c2369293421d
    size: 891
    url: https://raw.githubusercontent.com/nikita-volkov/stack-snapshot/33cedc9f273a754e2db2e1beef1221c33df29c39/snapshot.yaml
  original:
    url: https://raw.githubusercontent.com/nikita-volkov/stack-snapshot/33cedc9f273a754e2db2e1beef1221c33df29c39/snapshot.yaml
- completed:
    sha256: f493859c3ff97bbe56657807ed8037ceacb38d179e13fc265ee314ee3767fcf3
    size: 619216
    url: https://raw.githubusercontent.com/commercialhaskell/stackage-snapshots/master/nightly/2022/7/31.yaml
  original: nightly-2022-07-31
